
Microsoft Visual Studio Solution File, Format Version 12.00
# Visual Studio Version 17
VisualStudioVersion = 17.0.32014.148
MinimumVisualStudioVersion = 10.0.40219.1
Project("{FAE04EC0-301F-11D3-BF4B-00C04F79EFBC}") = "ImgTableDataExporter", "ImgTableDataExporter\ImgTableDataExporter.csproj", "{B41FFCAE-B85E-41C9-827F-1CD51054B258}"
EndProject
Project("{FAE04EC0-301F-11D3-BF4B-00C04F79EFBC}") = "DebugTester", "DebugTester\DebugTester.csproj", "{FF166F72-57AC-4E4B-AA73-0DF3EE1B9001}"
EndProject
Global
	GlobalSection(SolutionConfigurationPlatforms) = preSolution
		Debug|Any CPU = Debug|Any CPU
		Release|Any CPU = Release|Any CPU
	EndGlobalSection
	GlobalSection(ProjectConfigurationPlatforms) = postSolution
		{B41FFCAE-B85E-41C9-827F-1CD51054B258}.Debug|Any CPU.ActiveCfg = Debug|Any CPU
		{B41FFCAE-B85E-41C9-827F-1CD51054B258}.Debug|Any CPU.Build.0 = Debug|Any CPU
		{B41FFCAE-B85E-41C9-827F-1CD51054B258}.Release|Any CPU.ActiveCfg = Release|Any CPU
		{B41FFCAE-B85E-41C9-827F-1CD51054B258}.Release|Any CPU.Build.0 = Release|Any CPU
		{FF166F72-57AC-4E4B-AA73-0DF3EE1B9001}.Debug|Any CPU.ActiveCfg = Debug|Any CPU
		{FF166F72-57AC-4E4B-AA73-0DF3EE1B9001}.Debug|Any CPU.Build.0 = Debug|Any CPU
		{FF166F72-57AC-4E4B-AA73-0DF3EE1B9001}.Release|Any CPU.ActiveCfg = Release|Any CPU
		{FF166F72-57AC-4E4B-AA73-0DF3EE1B9001}.Release|Any CPU.Build.0 = Release|Any CPU
	EndGlobalSection
	GlobalSection(SolutionProperties) = preSolution
		HideSolutionNode = FALSE
	EndGlobalSection
	GlobalSection(ExtensibilityGlobals) = postSolution
		SolutionGuid = {36756F7F-F4F4-4D90-914C-F00CEE18E442}
	EndGlobalSection
EndGlobal
