
Microsoft Visual Studio Solution File, Format Version 12.00
# Visual Studio Version 17
VisualStudioVersion = 17.0.32014.148
MinimumVisualStudioVersion = 10.0.40219.1
Project("{9A19103F-16F7-4668-BE54-9A1E7A4F7556}") = "TableToImageExport", "TableToImageExport\TableToImageExport.csproj", "{6A78E006-9A8C-46B3-90E5-98F1C2DA1191}"
EndProject
Project("{FAE04EC0-301F-11D3-BF4B-00C04F79EFBC}") = "DebugTester", "DebugTester\DebugTester.csproj", "{F509B4D2-C374-4767-AAB5-A81CF4131239}"
EndProject
Global
	GlobalSection(SolutionConfigurationPlatforms) = preSolution
		Debug|Any CPU = Debug|Any CPU
		Release|Any CPU = Release|Any CPU
	EndGlobalSection
	GlobalSection(ProjectConfigurationPlatforms) = postSolution
		{6A78E006-9A8C-46B3-90E5-98F1C2DA1191}.Debug|Any CPU.ActiveCfg = Debug|Any CPU
		{6A78E006-9A8C-46B3-90E5-98F1C2DA1191}.Debug|Any CPU.Build.0 = Debug|Any CPU
		{6A78E006-9A8C-46B3-90E5-98F1C2DA1191}.Release|Any CPU.ActiveCfg = Release|Any CPU
		{6A78E006-9A8C-46B3-90E5-98F1C2DA1191}.Release|Any CPU.Build.0 = Release|Any CPU
		{F509B4D2-C374-4767-AAB5-A81CF4131239}.Debug|Any CPU.ActiveCfg = Debug|Any CPU
		{F509B4D2-C374-4767-AAB5-A81CF4131239}.Debug|Any CPU.Build.0 = Debug|Any CPU
		{F509B4D2-C374-4767-AAB5-A81CF4131239}.Release|Any CPU.ActiveCfg = Release|Any CPU
		{F509B4D2-C374-4767-AAB5-A81CF4131239}.Release|Any CPU.Build.0 = Release|Any CPU
	EndGlobalSection
	GlobalSection(SolutionProperties) = preSolution
		HideSolutionNode = FALSE
	EndGlobalSection
	GlobalSection(ExtensibilityGlobals) = postSolution
		SolutionGuid = {36756F7F-F4F4-4D90-914C-F00CEE18E442}
	EndGlobalSection
EndGlobal
