
Microsoft Visual Studio Solution File, Format Version 12.00
# Visual Studio Version 17
VisualStudioVersion = 17.0.32014.148
MinimumVisualStudioVersion = 10.0.40219.1
Project("{FAE04EC0-301F-11D3-BF4B-00C04F79EFBC}") = "TableToImageExport", "TableToImageExport\TableToImageExport.csproj", "{B41FFCAE-B85E-41C9-827F-1CD51054B258}"
EndProject
Project("{9A19103F-16F7-4668-BE54-9A1E7A4F7556}") = "DebugTester", "DebugTester\DebugTester.csproj", "{992E4131-585B-4E2E-B109-318956B8C761}"
EndProject
Global
	GlobalSection(SolutionConfigurationPlatforms) = preSolution
		Debug|Any CPU = Debug|Any CPU
		Release|Any CPU = Release|Any CPU
	EndGlobalSection
	GlobalSection(ProjectConfigurationPlatforms) = postSolution
		{B41FFCAE-B85E-41C9-827F-1CD51054B258}.Debug|Any CPU.ActiveCfg = Debug|Any CPU
		{B41FFCAE-B85E-41C9-827F-1CD51054B258}.Debug|Any CPU.Build.0 = Debug|Any CPU
		{B41FFCAE-B85E-41C9-827F-1CD51054B258}.Release|Any CPU.ActiveCfg = Release|Any CPU
		{B41FFCAE-B85E-41C9-827F-1CD51054B258}.Release|Any CPU.Build.0 = Release|Any CPU
		{992E4131-585B-4E2E-B109-318956B8C761}.Debug|Any CPU.ActiveCfg = Debug|Any CPU
		{992E4131-585B-4E2E-B109-318956B8C761}.Debug|Any CPU.Build.0 = Debug|Any CPU
		{992E4131-585B-4E2E-B109-318956B8C761}.Release|Any CPU.ActiveCfg = Release|Any CPU
		{992E4131-585B-4E2E-B109-318956B8C761}.Release|Any CPU.Build.0 = Release|Any CPU
	EndGlobalSection
	GlobalSection(SolutionProperties) = preSolution
		HideSolutionNode = FALSE
	EndGlobalSection
	GlobalSection(ExtensibilityGlobals) = postSolution
		SolutionGuid = {36756F7F-F4F4-4D90-914C-F00CEE18E442}
	EndGlobalSection
EndGlobal
